
Microsoft Visual Studio Solution File, Format Version 12.00
# Visual Studio 14
VisualStudioVersion = 14.0.23107.0
MinimumVisualStudioVersion = 10.0.40219.1
Project("{FAE04EC0-301F-11D3-BF4B-00C04F79EFBC}") = "StoringThings", "StoringThings\StoringThings.csproj", "{BE92C922-596C-47AE-AA4E-A4E3026368BB}"
EndProject
Global
	GlobalSection(SolutionConfigurationPlatforms) = preSolution
		Debug|Any CPU = Debug|Any CPU
		Release|Any CPU = Release|Any CPU
	EndGlobalSection
	GlobalSection(ProjectConfigurationPlatforms) = postSolution
		{BE92C922-596C-47AE-AA4E-A4E3026368BB}.Debug|Any CPU.ActiveCfg = Debug|Any CPU
		{BE92C922-596C-47AE-AA4E-A4E3026368BB}.Debug|Any CPU.Build.0 = Debug|Any CPU
		{BE92C922-596C-47AE-AA4E-A4E3026368BB}.Release|Any CPU.ActiveCfg = Release|Any CPU
		{BE92C922-596C-47AE-AA4E-A4E3026368BB}.Release|Any CPU.Build.0 = Release|Any CPU
	EndGlobalSection
	GlobalSection(SolutionProperties) = preSolution
		HideSolutionNode = FALSE
	EndGlobalSection
EndGlobal
